
Microsoft Visual Studio Solution File, Format Version 12.00
# Visual Studio Version 16
VisualStudioVersion = 16.0.31205.134
MinimumVisualStudioVersion = 10.0.40219.1
Project("{FAE04EC0-301F-11D3-BF4B-00C04F79EFBC}") = "Lab12_WAPP", "Lab12_WAPP\Lab12_WAPP.csproj", "{52005FA4-BF5A-4FAA-9A91-7DDC62ACD483}"
EndProject
Global
	GlobalSection(SolutionConfigurationPlatforms) = preSolution
		Debug|Any CPU = Debug|Any CPU
		Release|Any CPU = Release|Any CPU
	EndGlobalSection
	GlobalSection(ProjectConfigurationPlatforms) = postSolution
		{52005FA4-BF5A-4FAA-9A91-7DDC62ACD483}.Debug|Any CPU.ActiveCfg = Debug|Any CPU
		{52005FA4-BF5A-4FAA-9A91-7DDC62ACD483}.Debug|Any CPU.Build.0 = Debug|Any CPU
		{52005FA4-BF5A-4FAA-9A91-7DDC62ACD483}.Release|Any CPU.ActiveCfg = Release|Any CPU
		{52005FA4-BF5A-4FAA-9A91-7DDC62ACD483}.Release|Any CPU.Build.0 = Release|Any CPU
	EndGlobalSection
	GlobalSection(SolutionProperties) = preSolution
		HideSolutionNode = FALSE
	EndGlobalSection
	GlobalSection(ExtensibilityGlobals) = postSolution
		SolutionGuid = {942ECEB3-C83F-4831-85CC-3A7B57BDD1DE}
	EndGlobalSection
EndGlobal
